
Microsoft Visual Studio Solution File, Format Version 12.00
# Visual Studio Version 17
VisualStudioVersion = 17.0.31903.59
MinimumVisualStudioVersion = 10.0.40219.1
Project("{FAE04EC0-301F-11D3-BF4B-00C04F79EFBC}") = "BuberBreakfast", "BuberBreakfast\BuberBreakfast.csproj", "{B186DA5A-92D6-4D31-AF4D-B13341E709B4}"
EndProject
Project("{FAE04EC0-301F-11D3-BF4B-00C04F79EFBC}") = "BuberBreakfast.Contracts", "BuberBreakfast.Contracts\BuberBreakfast.Contracts.csproj", "{4A1EECE4-2DB2-4261-9958-6D3D8DACF7D3}"
EndProject
Global
	GlobalSection(SolutionConfigurationPlatforms) = preSolution
		Debug|Any CPU = Debug|Any CPU
		Release|Any CPU = Release|Any CPU
	EndGlobalSection
	GlobalSection(SolutionProperties) = preSolution
		HideSolutionNode = FALSE
	EndGlobalSection
	GlobalSection(ProjectConfigurationPlatforms) = postSolution
		{B186DA5A-92D6-4D31-AF4D-B13341E709B4}.Debug|Any CPU.ActiveCfg = Debug|Any CPU
		{B186DA5A-92D6-4D31-AF4D-B13341E709B4}.Debug|Any CPU.Build.0 = Debug|Any CPU
		{B186DA5A-92D6-4D31-AF4D-B13341E709B4}.Release|Any CPU.ActiveCfg = Release|Any CPU
		{B186DA5A-92D6-4D31-AF4D-B13341E709B4}.Release|Any CPU.Build.0 = Release|Any CPU
		{4A1EECE4-2DB2-4261-9958-6D3D8DACF7D3}.Debug|Any CPU.ActiveCfg = Debug|Any CPU
		{4A1EECE4-2DB2-4261-9958-6D3D8DACF7D3}.Debug|Any CPU.Build.0 = Debug|Any CPU
		{4A1EECE4-2DB2-4261-9958-6D3D8DACF7D3}.Release|Any CPU.ActiveCfg = Release|Any CPU
		{4A1EECE4-2DB2-4261-9958-6D3D8DACF7D3}.Release|Any CPU.Build.0 = Release|Any CPU
	EndGlobalSection
EndGlobal
